
Microsoft Visual Studio Solution File, Format Version 12.00
# Visual Studio Version 16
VisualStudioVersion = 16.0.29123.88
MinimumVisualStudioVersion = 10.0.40219.1
Project("{9092AA53-FB77-4645-B42D-1CCCA6BD08BD}") = "NodejsConsoleApp3", "NodejsConsoleApp3.njsproj", "{AE788AAA-74A5-49F7-ACCE-341FC299DC53}"
EndProject
Global
	GlobalSection(SolutionConfigurationPlatforms) = preSolution
		Debug|Any CPU = Debug|Any CPU
		Release|Any CPU = Release|Any CPU
	EndGlobalSection
	GlobalSection(ProjectConfigurationPlatforms) = postSolution
		{AE788AAA-74A5-49F7-ACCE-341FC299DC53}.Debug|Any CPU.ActiveCfg = Debug|Any CPU
		{AE788AAA-74A5-49F7-ACCE-341FC299DC53}.Debug|Any CPU.Build.0 = Debug|Any CPU
		{AE788AAA-74A5-49F7-ACCE-341FC299DC53}.Release|Any CPU.ActiveCfg = Release|Any CPU
		{AE788AAA-74A5-49F7-ACCE-341FC299DC53}.Release|Any CPU.Build.0 = Release|Any CPU
	EndGlobalSection
	GlobalSection(SolutionProperties) = preSolution
		HideSolutionNode = FALSE
	EndGlobalSection
	GlobalSection(ExtensibilityGlobals) = postSolution
		SolutionGuid = {C5864141-4CCA-4B5B-B34C-EADC1B2C5F5D}
	EndGlobalSection
EndGlobal
